
Microsoft Visual Studio Solution File, Format Version 12.00
# Visual Studio Version 17
VisualStudioVersion = 17.14.36221.1 d17.14
MinimumVisualStudioVersion = 10.0.40219.1
Project("{FAE04EC0-301F-11D3-BF4B-00C04F79EFBC}") = "Pr72.0", "Pr72.0\Pr72.0.csproj", "{520DF479-721A-4AF9-87E5-86889C581970}"
EndProject
Global
	GlobalSection(SolutionConfigurationPlatforms) = preSolution
		Debug|Any CPU = Debug|Any CPU
		Release|Any CPU = Release|Any CPU
	EndGlobalSection
	GlobalSection(ProjectConfigurationPlatforms) = postSolution
		{520DF479-721A-4AF9-87E5-86889C581970}.Debug|Any CPU.ActiveCfg = Debug|Any CPU
		{520DF479-721A-4AF9-87E5-86889C581970}.Debug|Any CPU.Build.0 = Debug|Any CPU
		{520DF479-721A-4AF9-87E5-86889C581970}.Release|Any CPU.ActiveCfg = Release|Any CPU
		{520DF479-721A-4AF9-87E5-86889C581970}.Release|Any CPU.Build.0 = Release|Any CPU
	EndGlobalSection
	GlobalSection(SolutionProperties) = preSolution
		HideSolutionNode = FALSE
	EndGlobalSection
	GlobalSection(ExtensibilityGlobals) = postSolution
		SolutionGuid = {A386765A-064E-44C5-A4D4-B21C5ABAD7EB}
	EndGlobalSection
EndGlobal
